// !$*UTF8*$!
{
	archiveVersion = 1;
	classes = {
	};
	objectVersion = 56;
	objects = {

/* Begin PBXBuildFile section */
		17415C0B2AAB0C9D008E2DEB /* ShoppingItemDetailViewController.swift in Sources */ = {isa = PBXBuildFile; fileRef = 17415C0A2AAB0C9D008E2DEB /* ShoppingItemDetailViewController.swift */; };
		17415C0E2AAB1916008E2DEB /* ShoppingItemRealmModel.swift in Sources */ = {isa = PBXBuildFile; fileRef = 17415C0D2AAB1916008E2DEB /* ShoppingItemRealmModel.swift */; };
		17415C152AAB7AC2008E2DEB /* LikeListViewController.swift in Sources */ = {isa = PBXBuildFile; fileRef = 17415C142AAB7AC2008E2DEB /* LikeListViewController.swift */; };
		17415C1B2AACBC2E008E2DEB /* Kingfisher in Frameworks */ = {isa = PBXBuildFile; productRef = 17415C1A2AACBC2E008E2DEB /* Kingfisher */; };
		17415C1D2AAD526D008E2DEB /* ShoppingSearchView.swift in Sources */ = {isa = PBXBuildFile; fileRef = 17415C1C2AAD526D008E2DEB /* ShoppingSearchView.swift */; };
		17415C1F2AAD53CC008E2DEB /* BaseView.swift in Sources */ = {isa = PBXBuildFile; fileRef = 17415C1E2AAD53CC008E2DEB /* BaseView.swift */; };
		17415C222AAD5435008E2DEB /* CollectionViewFlowLayoutProtocol.swift in Sources */ = {isa = PBXBuildFile; fileRef = 17415C212AAD5435008E2DEB /* CollectionViewFlowLayoutProtocol.swift */; };
		17415C242AAD5DB6008E2DEB /* ShoppingItemTableRepository.swift in Sources */ = {isa = PBXBuildFile; fileRef = 17415C232AAD5DB6008E2DEB /* ShoppingItemTableRepository.swift */; };
		17415C262AADCD3E008E2DEB /* LikeListView.swift in Sources */ = {isa = PBXBuildFile; fileRef = 17415C252AADCD3E008E2DEB /* LikeListView.swift */; };
		17A5C1B82AA9A4DC00355054 /* AppDelegate.swift in Sources */ = {isa = PBXBuildFile; fileRef = 17A5C1B72AA9A4DC00355054 /* AppDelegate.swift */; };
		17A5C1BA2AA9A4DC00355054 /* SceneDelegate.swift in Sources */ = {isa = PBXBuildFile; fileRef = 17A5C1B92AA9A4DC00355054 /* SceneDelegate.swift */; };
		17A5C1C12AA9A4DD00355054 /* Assets.xcassets in Resources */ = {isa = PBXBuildFile; fileRef = 17A5C1C02AA9A4DD00355054 /* Assets.xcassets */; };
		17A5C1C42AA9A4DD00355054 /* LaunchScreen.storyboard in Resources */ = {isa = PBXBuildFile; fileRef = 17A5C1C22AA9A4DD00355054 /* LaunchScreen.storyboard */; };
		17A5C1CC2AA9A5E500355054 /* ShoppingSearchViewController.swift in Sources */ = {isa = PBXBuildFile; fileRef = 17A5C1CB2AA9A5E500355054 /* ShoppingSearchViewController.swift */; };
		17A5C1CF2AA9A66D00355054 /* BaseViewController.swift in Sources */ = {isa = PBXBuildFile; fileRef = 17A5C1CE2AA9A66D00355054 /* BaseViewController.swift */; };
		17A5C1D32AA9A7E600355054 /* SnapKit in Frameworks */ = {isa = PBXBuildFile; productRef = 17A5C1D22AA9A7E600355054 /* SnapKit */; };
		17A5C1D62AA9A7F300355054 /* Alamofire in Frameworks */ = {isa = PBXBuildFile; productRef = 17A5C1D52AA9A7F300355054 /* Alamofire */; };
		17A5C1D92AA9A82200355054 /* Realm in Frameworks */ = {isa = PBXBuildFile; productRef = 17A5C1D82AA9A82200355054 /* Realm */; };
		17A5C1DB2AA9A82300355054 /* RealmSwift in Frameworks */ = {isa = PBXBuildFile; productRef = 17A5C1DA2AA9A82300355054 /* RealmSwift */; };
		17A5C1DD2AA9AD0100355054 /* ShoppingListCollectionViewCell.swift in Sources */ = {isa = PBXBuildFile; fileRef = 17A5C1DC2AA9AD0100355054 /* ShoppingListCollectionViewCell.swift */; };
		17A5C1E02AA9AE9400355054 /* Extension+ID.swift in Sources */ = {isa = PBXBuildFile; fileRef = 17A5C1DF2AA9AE9400355054 /* Extension+ID.swift */; };
		17A5C1E32AA9B9A700355054 /* NaverShoppingModel.swift in Sources */ = {isa = PBXBuildFile; fileRef = 17A5C1E22AA9B9A700355054 /* NaverShoppingModel.swift */; };
		17A5C1E52AA9BAAF00355054 /* .gitignore in Resources */ = {isa = PBXBuildFile; fileRef = 17A5C1E42AA9BAAF00355054 /* .gitignore */; };
		17A5C1E72AA9BACF00355054 /* APIKeys.swift in Sources */ = {isa = PBXBuildFile; fileRef = 17A5C1E62AA9BACF00355054 /* APIKeys.swift */; };
		17A5C1E92AA9BBD400355054 /* APIManager.swift in Sources */ = {isa = PBXBuildFile; fileRef = 17A5C1E82AA9BBD400355054 /* APIManager.swift */; };
		17A5C1EE2AAA1D8B00355054 /* SortButton.swift in Sources */ = {isa = PBXBuildFile; fileRef = 17A5C1ED2AAA1D8B00355054 /* SortButton.swift */; };
		17A5C1F02AAA233300355054 /* SortQueryEnum.swift in Sources */ = {isa = PBXBuildFile; fileRef = 17A5C1EF2AAA233300355054 /* SortQueryEnum.swift */; };
		17DCA8A92AAED55800AA847B /* DetailWebView.swift in Sources */ = {isa = PBXBuildFile; fileRef = 17DCA8A82AAED55800AA847B /* DetailWebView.swift */; };
		17DCA8AD2AAEF59F00AA847B /* CustomSearchController.swift in Sources */ = {isa = PBXBuildFile; fileRef = 17DCA8AC2AAEF59F00AA847B /* CustomSearchController.swift */; };
		17DCA8AF2AAEF9CA00AA847B /* NavigationTitleValue.swift in Sources */ = {isa = PBXBuildFile; fileRef = 17DCA8AE2AAEF9CA00AA847B /* NavigationTitleValue.swift */; };
		17FCFB2E2AAF20C0006B1597 /* ButtonImageName.swift in Sources */ = {isa = PBXBuildFile; fileRef = 17FCFB2D2AAF20C0006B1597 /* ButtonImageName.swift */; };
		17FCFB322AAF34A3006B1597 /* Extension+DeleteItemAlert.swift in Sources */ = {isa = PBXBuildFile; fileRef = 17FCFB312AAF34A3006B1597 /* Extension+DeleteItemAlert.swift */; };
/* End PBXBuildFile section */

/* Begin PBXFileReference section */
		17415C0A2AAB0C9D008E2DEB /* ShoppingItemDetailViewController.swift */ = {isa = PBXFileReference; lastKnownFileType = sourcecode.swift; path = ShoppingItemDetailViewController.swift; sourceTree = "<group>"; };
		17415C0D2AAB1916008E2DEB /* ShoppingItemRealmModel.swift */ = {isa = PBXFileReference; lastKnownFileType = sourcecode.swift; path = ShoppingItemRealmModel.swift; sourceTree = "<group>"; };
		17415C142AAB7AC2008E2DEB /* LikeListViewController.swift */ = {isa = PBXFileReference; lastKnownFileType = sourcecode.swift; path = LikeListViewController.swift; sourceTree = "<group>"; };
		17415C1C2AAD526D008E2DEB /* ShoppingSearchView.swift */ = {isa = PBXFileReference; lastKnownFileType = sourcecode.swift; path = ShoppingSearchView.swift; sourceTree = "<group>"; };
		17415C1E2AAD53CC008E2DEB /* BaseView.swift */ = {isa = PBXFileReference; lastKnownFileType = sourcecode.swift; path = BaseView.swift; sourceTree = "<group>"; };
		17415C212AAD5435008E2DEB /* CollectionViewFlowLayoutProtocol.swift */ = {isa = PBXFileReference; lastKnownFileType = sourcecode.swift; path = CollectionViewFlowLayoutProtocol.swift; sourceTree = "<group>"; };
		17415C232AAD5DB6008E2DEB /* ShoppingItemTableRepository.swift */ = {isa = PBXFileReference; lastKnownFileType = sourcecode.swift; path = ShoppingItemTableRepository.swift; sourceTree = "<group>"; };
		17415C252AADCD3E008E2DEB /* LikeListView.swift */ = {isa = PBXFileReference; lastKnownFileType = sourcecode.swift; path = LikeListView.swift; sourceTree = "<group>"; };
		17A5C1B42AA9A4DC00355054 /* NaverShoppingList_2ndRecap.app */ = {isa = PBXFileReference; explicitFileType = wrapper.application; includeInIndex = 0; path = NaverShoppingList_2ndRecap.app; sourceTree = BUILT_PRODUCTS_DIR; };
		17A5C1B72AA9A4DC00355054 /* AppDelegate.swift */ = {isa = PBXFileReference; lastKnownFileType = sourcecode.swift; path = AppDelegate.swift; sourceTree = "<group>"; };
		17A5C1B92AA9A4DC00355054 /* SceneDelegate.swift */ = {isa = PBXFileReference; lastKnownFileType = sourcecode.swift; path = SceneDelegate.swift; sourceTree = "<group>"; };
		17A5C1C02AA9A4DD00355054 /* Assets.xcassets */ = {isa = PBXFileReference; lastKnownFileType = folder.assetcatalog; path = Assets.xcassets; sourceTree = "<group>"; };
		17A5C1C32AA9A4DD00355054 /* Base */ = {isa = PBXFileReference; lastKnownFileType = file.storyboard; name = Base; path = Base.lproj/LaunchScreen.storyboard; sourceTree = "<group>"; };
		17A5C1C52AA9A4DD00355054 /* Info.plist */ = {isa = PBXFileReference; lastKnownFileType = text.plist.xml; path = Info.plist; sourceTree = "<group>"; };
		17A5C1CB2AA9A5E500355054 /* ShoppingSearchViewController.swift */ = {isa = PBXFileReference; lastKnownFileType = sourcecode.swift; path = ShoppingSearchViewController.swift; sourceTree = "<group>"; };
		17A5C1CE2AA9A66D00355054 /* BaseViewController.swift */ = {isa = PBXFileReference; lastKnownFileType = sourcecode.swift; path = BaseViewController.swift; sourceTree = "<group>"; };
		17A5C1DC2AA9AD0100355054 /* ShoppingListCollectionViewCell.swift */ = {isa = PBXFileReference; lastKnownFileType = sourcecode.swift; path = ShoppingListCollectionViewCell.swift; sourceTree = "<group>"; };
		17A5C1DF2AA9AE9400355054 /* Extension+ID.swift */ = {isa = PBXFileReference; lastKnownFileType = sourcecode.swift; path = "Extension+ID.swift"; sourceTree = "<group>"; };
		17A5C1E22AA9B9A700355054 /* NaverShoppingModel.swift */ = {isa = PBXFileReference; lastKnownFileType = sourcecode.swift; path = NaverShoppingModel.swift; sourceTree = "<group>"; };
		17A5C1E42AA9BAAF00355054 /* .gitignore */ = {isa = PBXFileReference; lastKnownFileType = text; path = .gitignore; sourceTree = "<group>"; };
		17A5C1E62AA9BACF00355054 /* APIKeys.swift */ = {isa = PBXFileReference; lastKnownFileType = sourcecode.swift; path = APIKeys.swift; sourceTree = "<group>"; };
		17A5C1E82AA9BBD400355054 /* APIManager.swift */ = {isa = PBXFileReference; lastKnownFileType = sourcecode.swift; path = APIManager.swift; sourceTree = "<group>"; };
		17A5C1ED2AAA1D8B00355054 /* SortButton.swift */ = {isa = PBXFileReference; lastKnownFileType = sourcecode.swift; path = SortButton.swift; sourceTree = "<group>"; };
		17A5C1EF2AAA233300355054 /* SortQueryEnum.swift */ = {isa = PBXFileReference; lastKnownFileType = sourcecode.swift; path = SortQueryEnum.swift; sourceTree = "<group>"; };
		17DCA8A82AAED55800AA847B /* DetailWebView.swift */ = {isa = PBXFileReference; lastKnownFileType = sourcecode.swift; path = DetailWebView.swift; sourceTree = "<group>"; };
		17DCA8AC2AAEF59F00AA847B /* CustomSearchController.swift */ = {isa = PBXFileReference; lastKnownFileType = sourcecode.swift; path = CustomSearchController.swift; sourceTree = "<group>"; };
		17DCA8AE2AAEF9CA00AA847B /* NavigationTitleValue.swift */ = {isa = PBXFileReference; lastKnownFileType = sourcecode.swift; path = NavigationTitleValue.swift; sourceTree = "<group>"; };
		17FCFB2D2AAF20C0006B1597 /* ButtonImageName.swift */ = {isa = PBXFileReference; lastKnownFileType = sourcecode.swift; path = ButtonImageName.swift; sourceTree = "<group>"; };
		17FCFB312AAF34A3006B1597 /* Extension+DeleteItemAlert.swift */ = {isa = PBXFileReference; lastKnownFileType = sourcecode.swift; path = "Extension+DeleteItemAlert.swift"; sourceTree = "<group>"; };
/* End PBXFileReference section */

/* Begin PBXFrameworksBuildPhase section */
		17A5C1B12AA9A4DC00355054 /* Frameworks */ = {
			isa = PBXFrameworksBuildPhase;
			buildActionMask = 2147483647;
			files = (
				17A5C1DB2AA9A82300355054 /* RealmSwift in Frameworks */,
				17A5C1D92AA9A82200355054 /* Realm in Frameworks */,
				17A5C1D32AA9A7E600355054 /* SnapKit in Frameworks */,
				17A5C1D62AA9A7F300355054 /* Alamofire in Frameworks */,
				17415C1B2AACBC2E008E2DEB /* Kingfisher in Frameworks */,
			);
			runOnlyForDeploymentPostprocessing = 0;
		};
/* End PBXFrameworksBuildPhase section */

/* Begin PBXGroup section */
		17415C092AAB0C75008E2DEB /* ShoppingItemDetail */ = {
			isa = PBXGroup;
			children = (
				17415C0A2AAB0C9D008E2DEB /* ShoppingItemDetailViewController.swift */,
				17DCA8A82AAED55800AA847B /* DetailWebView.swift */,
			);
			path = ShoppingItemDetail;
			sourceTree = "<group>";
		};
		17415C0C2AAB18FD008E2DEB /* Realm */ = {
			isa = PBXGroup;
			children = (
				17415C0D2AAB1916008E2DEB /* ShoppingItemRealmModel.swift */,
				17415C232AAD5DB6008E2DEB /* ShoppingItemTableRepository.swift */,
			);
			path = Realm;
			sourceTree = "<group>";
		};
		17415C132AAB7AA9008E2DEB /* LikeList */ = {
			isa = PBXGroup;
			children = (
				17415C142AAB7AC2008E2DEB /* LikeListViewController.swift */,
				17415C252AADCD3E008E2DEB /* LikeListView.swift */,
			);
			path = LikeList;
			sourceTree = "<group>";
		};
		17415C202AAD540D008E2DEB /* Protocol */ = {
			isa = PBXGroup;
			children = (
				17415C212AAD5435008E2DEB /* CollectionViewFlowLayoutProtocol.swift */,
			);
			path = Protocol;
			sourceTree = "<group>";
		};
		17A5C1AB2AA9A4DC00355054 = {
			isa = PBXGroup;
			children = (
				17A5C1B62AA9A4DC00355054 /* NaverShoppingList_2ndRecap */,
				17A5C1B52AA9A4DC00355054 /* Products */,
			);
			sourceTree = "<group>";
		};
		17A5C1B52AA9A4DC00355054 /* Products */ = {
			isa = PBXGroup;
			children = (
				17A5C1B42AA9A4DC00355054 /* NaverShoppingList_2ndRecap.app */,
			);
			name = Products;
			sourceTree = "<group>";
		};
		17A5C1B62AA9A4DC00355054 /* NaverShoppingList_2ndRecap */ = {
			isa = PBXGroup;
			children = (
				17415C202AAD540D008E2DEB /* Protocol */,
				17415C132AAB7AA9008E2DEB /* LikeList */,
				17415C0C2AAB18FD008E2DEB /* Realm */,
				17415C092AAB0C75008E2DEB /* ShoppingItemDetail */,
				17A5C1EC2AAA1D2300355054 /* Custom */,
				17A5C1E12AA9B99200355054 /* Network */,
				17A5C1DE2AA9AE8300355054 /* Extension */,
				17A5C1CD2AA9A65800355054 /* Base */,
				17A5C1D02AA9A72600355054 /* ShoppingSearch */,
				17A5C1B72AA9A4DC00355054 /* AppDelegate.swift */,
				17A5C1B92AA9A4DC00355054 /* SceneDelegate.swift */,
				17A5C1C02AA9A4DD00355054 /* Assets.xcassets */,
				17A5C1C22AA9A4DD00355054 /* LaunchScreen.storyboard */,
				17A5C1C52AA9A4DD00355054 /* Info.plist */,
				17A5C1E42AA9BAAF00355054 /* .gitignore */,
				17DCA8AE2AAEF9CA00AA847B /* NavigationTitleValue.swift */,
				17FCFB2D2AAF20C0006B1597 /* ButtonImageName.swift */,
				17FCFB332AAF3B3C006B1597 /* LiteralAsset */,
			);
			path = NaverShoppingList_2ndRecap;
			sourceTree = "<group>";
		};
		17A5C1CD2AA9A65800355054 /* Base */ = {
			isa = PBXGroup;
			children = (
				17A5C1CE2AA9A66D00355054 /* BaseViewController.swift */,
				17415C1E2AAD53CC008E2DEB /* BaseView.swift */,
			);
			path = Base;
			sourceTree = "<group>";
		};
		17A5C1D02AA9A72600355054 /* ShoppingSearch */ = {
			isa = PBXGroup;
			children = (
				17A5C1EF2AAA233300355054 /* SortQueryEnum.swift */,
				17A5C1CB2AA9A5E500355054 /* ShoppingSearchViewController.swift */,
				17A5C1DC2AA9AD0100355054 /* ShoppingListCollectionViewCell.swift */,
				17415C1C2AAD526D008E2DEB /* ShoppingSearchView.swift */,
			);
			path = ShoppingSearch;
			sourceTree = "<group>";
		};
		17A5C1DE2AA9AE8300355054 /* Extension */ = {
			isa = PBXGroup;
			children = (
				17A5C1DF2AA9AE9400355054 /* Extension+ID.swift */,
				17FCFB312AAF34A3006B1597 /* Extension+DeleteItemAlert.swift */,
			);
			path = Extension;
			sourceTree = "<group>";
		};
		17A5C1E12AA9B99200355054 /* Network */ = {
			isa = PBXGroup;
			children = (
				17A5C1E22AA9B9A700355054 /* NaverShoppingModel.swift */,
				17A5C1E62AA9BACF00355054 /* APIKeys.swift */,
				17A5C1E82AA9BBD400355054 /* APIManager.swift */,
			);
			path = Network;
			sourceTree = "<group>";
		};
		17A5C1EC2AAA1D2300355054 /* Custom */ = {
			isa = PBXGroup;
			children = (
				17A5C1ED2AAA1D8B00355054 /* SortButton.swift */,
				17DCA8AC2AAEF59F00AA847B /* CustomSearchController.swift */,
			);
			path = Custom;
			sourceTree = "<group>";
		};
		17FCFB332AAF3B3C006B1597 /* LiteralAsset */ = {
			isa = PBXGroup;
			children = (
			);
			path = LiteralAsset;
			sourceTree = "<group>";
		};
/* End PBXGroup section */

/* Begin PBXNativeTarget section */
		17A5C1B32AA9A4DC00355054 /* NaverShoppingList_2ndRecap */ = {
			isa = PBXNativeTarget;
			buildConfigurationList = 17A5C1C82AA9A4DD00355054 /* Build configuration list for PBXNativeTarget "NaverShoppingList_2ndRecap" */;
			buildPhases = (
				17A5C1B02AA9A4DC00355054 /* Sources */,
				17A5C1B12AA9A4DC00355054 /* Frameworks */,
				17A5C1B22AA9A4DC00355054 /* Resources */,
			);
			buildRules = (
			);
			dependencies = (
			);
			name = NaverShoppingList_2ndRecap;
			packageProductDependencies = (
				17A5C1D22AA9A7E600355054 /* SnapKit */,
				17A5C1D52AA9A7F300355054 /* Alamofire */,
				17A5C1D82AA9A82200355054 /* Realm */,
				17A5C1DA2AA9A82300355054 /* RealmSwift */,
				17415C1A2AACBC2E008E2DEB /* Kingfisher */,
			);
			productName = NaverShoppingList_2ndRecap;
			productReference = 17A5C1B42AA9A4DC00355054 /* NaverShoppingList_2ndRecap.app */;
			productType = "com.apple.product-type.application";
		};
/* End PBXNativeTarget section */

/* Begin PBXProject section */
		17A5C1AC2AA9A4DC00355054 /* Project object */ = {
			isa = PBXProject;
			attributes = {
				BuildIndependentTargetsInParallel = 1;
				LastSwiftUpdateCheck = 1430;
				LastUpgradeCheck = 1430;
				TargetAttributes = {
					17A5C1B32AA9A4DC00355054 = {
						CreatedOnToolsVersion = 14.3.1;
					};
				};
			};
			buildConfigurationList = 17A5C1AF2AA9A4DC00355054 /* Build configuration list for PBXProject "NaverShoppingList_2ndRecap" */;
			compatibilityVersion = "Xcode 14.0";
			developmentRegion = en;
			hasScannedForEncodings = 0;
			knownRegions = (
				en,
				Base,
			);
			mainGroup = 17A5C1AB2AA9A4DC00355054;
			packageReferences = (
				17A5C1D12AA9A7E600355054 /* XCRemoteSwiftPackageReference "SnapKit" */,
				17A5C1D42AA9A7F300355054 /* XCRemoteSwiftPackageReference "Alamofire" */,
				17A5C1D72AA9A82200355054 /* XCRemoteSwiftPackageReference "realm-swift" */,
				17415C192AACBC2E008E2DEB /* XCRemoteSwiftPackageReference "Kingfisher" */,
			);
			productRefGroup = 17A5C1B52AA9A4DC00355054 /* Products */;
			projectDirPath = "";
			projectRoot = "";
			targets = (
				17A5C1B32AA9A4DC00355054 /* NaverShoppingList_2ndRecap */,
			);
		};
/* End PBXProject section */

/* Begin PBXResourcesBuildPhase section */
		17A5C1B22AA9A4DC00355054 /* Resources */ = {
			isa = PBXResourcesBuildPhase;
			buildActionMask = 2147483647;
			files = (
				17A5C1C42AA9A4DD00355054 /* LaunchScreen.storyboard in Resources */,
				17A5C1E52AA9BAAF00355054 /* .gitignore in Resources */,
				17A5C1C12AA9A4DD00355054 /* Assets.xcassets in Resources */,
			);
			runOnlyForDeploymentPostprocessing = 0;
		};
/* End PBXResourcesBuildPhase section */

/* Begin PBXSourcesBuildPhase section */
		17A5C1B02AA9A4DC00355054 /* Sources */ = {
			isa = PBXSourcesBuildPhase;
			buildActionMask = 2147483647;
			files = (
				17FCFB2E2AAF20C0006B1597 /* ButtonImageName.swift in Sources */,
				17DCA8AF2AAEF9CA00AA847B /* NavigationTitleValue.swift in Sources */,
				17A5C1E32AA9B9A700355054 /* NaverShoppingModel.swift in Sources */,
				17FCFB322AAF34A3006B1597 /* Extension+DeleteItemAlert.swift in Sources */,
				17A5C1E02AA9AE9400355054 /* Extension+ID.swift in Sources */,
				17A5C1E92AA9BBD400355054 /* APIManager.swift in Sources */,
				17415C242AAD5DB6008E2DEB /* ShoppingItemTableRepository.swift in Sources */,
				17415C1F2AAD53CC008E2DEB /* BaseView.swift in Sources */,
				17415C152AAB7AC2008E2DEB /* LikeListViewController.swift in Sources */,
				17A5C1EE2AAA1D8B00355054 /* SortButton.swift in Sources */,
				17DCA8AD2AAEF59F00AA847B /* CustomSearchController.swift in Sources */,
				17A5C1CF2AA9A66D00355054 /* BaseViewController.swift in Sources */,
				17A5C1E72AA9BACF00355054 /* APIKeys.swift in Sources */,
				17415C262AADCD3E008E2DEB /* LikeListView.swift in Sources */,
				17415C0E2AAB1916008E2DEB /* ShoppingItemRealmModel.swift in Sources */,
				17415C0B2AAB0C9D008E2DEB /* ShoppingItemDetailViewController.swift in Sources */,
				17A5C1B82AA9A4DC00355054 /* AppDelegate.swift in Sources */,
				17415C222AAD5435008E2DEB /* CollectionViewFlowLayoutProtocol.swift in Sources */,
				17A5C1CC2AA9A5E500355054 /* ShoppingSearchViewController.swift in Sources */,
				17415C1D2AAD526D008E2DEB /* ShoppingSearchView.swift in Sources */,
				17A5C1DD2AA9AD0100355054 /* ShoppingListCollectionViewCell.swift in Sources */,
				17DCA8A92AAED55800AA847B /* DetailWebView.swift in Sources */,
				17A5C1F02AAA233300355054 /* SortQueryEnum.swift in Sources */,
				17A5C1BA2AA9A4DC00355054 /* SceneDelegate.swift in Sources */,
			);
			runOnlyForDeploymentPostprocessing = 0;
		};
/* End PBXSourcesBuildPhase section */

/* Begin PBXVariantGroup section */
		17A5C1C22AA9A4DD00355054 /* LaunchScreen.storyboard */ = {
			isa = PBXVariantGroup;
			children = (
				17A5C1C32AA9A4DD00355054 /* Base */,
			);
			name = LaunchScreen.storyboard;
			sourceTree = "<group>";
		};
/* End PBXVariantGroup section */

/* Begin XCBuildConfiguration section */
		17A5C1C62AA9A4DD00355054 /* Debug */ = {
			isa = XCBuildConfiguration;
			buildSettings = {
				ALWAYS_SEARCH_USER_PATHS = NO;
				CLANG_ANALYZER_NONNULL = YES;
				CLANG_ANALYZER_NUMBER_OBJECT_CONVERSION = YES_AGGRESSIVE;
				CLANG_CXX_LANGUAGE_STANDARD = "gnu++20";
				CLANG_ENABLE_MODULES = YES;
				CLANG_ENABLE_OBJC_ARC = YES;
				CLANG_ENABLE_OBJC_WEAK = YES;
				CLANG_WARN_BLOCK_CAPTURE_AUTORELEASING = YES;
				CLANG_WARN_BOOL_CONVERSION = YES;
				CLANG_WARN_COMMA = YES;
				CLANG_WARN_CONSTANT_CONVERSION = YES;
				CLANG_WARN_DEPRECATED_OBJC_IMPLEMENTATIONS = YES;
				CLANG_WARN_DIRECT_OBJC_ISA_USAGE = YES_ERROR;
				CLANG_WARN_DOCUMENTATION_COMMENTS = YES;
				CLANG_WARN_EMPTY_BODY = YES;
				CLANG_WARN_ENUM_CONVERSION = YES;
				CLANG_WARN_INFINITE_RECURSION = YES;
				CLANG_WARN_INT_CONVERSION = YES;
				CLANG_WARN_NON_LITERAL_NULL_CONVERSION = YES;
				CLANG_WARN_OBJC_IMPLICIT_RETAIN_SELF = YES;
				CLANG_WARN_OBJC_LITERAL_CONVERSION = YES;
				CLANG_WARN_OBJC_ROOT_CLASS = YES_ERROR;
				CLANG_WARN_QUOTED_INCLUDE_IN_FRAMEWORK_HEADER = YES;
				CLANG_WARN_RANGE_LOOP_ANALYSIS = YES;
				CLANG_WARN_STRICT_PROTOTYPES = YES;
				CLANG_WARN_SUSPICIOUS_MOVE = YES;
				CLANG_WARN_UNGUARDED_AVAILABILITY = YES_AGGRESSIVE;
				CLANG_WARN_UNREACHABLE_CODE = YES;
				CLANG_WARN__DUPLICATE_METHOD_MATCH = YES;
				COPY_PHASE_STRIP = NO;
				DEBUG_INFORMATION_FORMAT = dwarf;
				ENABLE_STRICT_OBJC_MSGSEND = YES;
				ENABLE_TESTABILITY = YES;
				GCC_C_LANGUAGE_STANDARD = gnu11;
				GCC_DYNAMIC_NO_PIC = NO;
				GCC_NO_COMMON_BLOCKS = YES;
				GCC_OPTIMIZATION_LEVEL = 0;
				GCC_PREPROCESSOR_DEFINITIONS = (
					"DEBUG=1",
					"$(inherited)",
				);
				GCC_WARN_64_TO_32_BIT_CONVERSION = YES;
				GCC_WARN_ABOUT_RETURN_TYPE = YES_ERROR;
				GCC_WARN_UNDECLARED_SELECTOR = YES;
				GCC_WARN_UNINITIALIZED_AUTOS = YES_AGGRESSIVE;
				GCC_WARN_UNUSED_FUNCTION = YES;
				GCC_WARN_UNUSED_VARIABLE = YES;
				IPHONEOS_DEPLOYMENT_TARGET = 16.4;
				MTL_ENABLE_DEBUG_INFO = INCLUDE_SOURCE;
				MTL_FAST_MATH = YES;
				ONLY_ACTIVE_ARCH = YES;
				SDKROOT = iphoneos;
				SWIFT_ACTIVE_COMPILATION_CONDITIONS = DEBUG;
				SWIFT_OPTIMIZATION_LEVEL = "-Onone";
			};
			name = Debug;
		};
		17A5C1C72AA9A4DD00355054 /* Release */ = {
			isa = XCBuildConfiguration;
			buildSettings = {
				ALWAYS_SEARCH_USER_PATHS = NO;
				CLANG_ANALYZER_NONNULL = YES;
				CLANG_ANALYZER_NUMBER_OBJECT_CONVERSION = YES_AGGRESSIVE;
				CLANG_CXX_LANGUAGE_STANDARD = "gnu++20";
				CLANG_ENABLE_MODULES = YES;
				CLANG_ENABLE_OBJC_ARC = YES;
				CLANG_ENABLE_OBJC_WEAK = YES;
				CLANG_WARN_BLOCK_CAPTURE_AUTORELEASING = YES;
				CLANG_WARN_BOOL_CONVERSION = YES;
				CLANG_WARN_COMMA = YES;
				CLANG_WARN_CONSTANT_CONVERSION = YES;
				CLANG_WARN_DEPRECATED_OBJC_IMPLEMENTATIONS = YES;
				CLANG_WARN_DIRECT_OBJC_ISA_USAGE = YES_ERROR;
				CLANG_WARN_DOCUMENTATION_COMMENTS = YES;
				CLANG_WARN_EMPTY_BODY = YES;
				CLANG_WARN_ENUM_CONVERSION = YES;
				CLANG_WARN_INFINITE_RECURSION = YES;
				CLANG_WARN_INT_CONVERSION = YES;
				CLANG_WARN_NON_LITERAL_NULL_CONVERSION = YES;
				CLANG_WARN_OBJC_IMPLICIT_RETAIN_SELF = YES;
				CLANG_WARN_OBJC_LITERAL_CONVERSION = YES;
				CLANG_WARN_OBJC_ROOT_CLASS = YES_ERROR;
				CLANG_WARN_QUOTED_INCLUDE_IN_FRAMEWORK_HEADER = YES;
				CLANG_WARN_RANGE_LOOP_ANALYSIS = YES;
				CLANG_WARN_STRICT_PROTOTYPES = YES;
				CLANG_WARN_SUSPICIOUS_MOVE = YES;
				CLANG_WARN_UNGUARDED_AVAILABILITY = YES_AGGRESSIVE;
				CLANG_WARN_UNREACHABLE_CODE = YES;
				CLANG_WARN__DUPLICATE_METHOD_MATCH = YES;
				COPY_PHASE_STRIP = NO;
				DEBUG_INFORMATION_FORMAT = "dwarf-with-dsym";
				ENABLE_NS_ASSERTIONS = NO;
				ENABLE_STRICT_OBJC_MSGSEND = YES;
				GCC_C_LANGUAGE_STANDARD = gnu11;
				GCC_NO_COMMON_BLOCKS = YES;
				GCC_WARN_64_TO_32_BIT_CONVERSION = YES;
				GCC_WARN_ABOUT_RETURN_TYPE = YES_ERROR;
				GCC_WARN_UNDECLARED_SELECTOR = YES;
				GCC_WARN_UNINITIALIZED_AUTOS = YES_AGGRESSIVE;
				GCC_WARN_UNUSED_FUNCTION = YES;
				GCC_WARN_UNUSED_VARIABLE = YES;
				IPHONEOS_DEPLOYMENT_TARGET = 16.4;
				MTL_ENABLE_DEBUG_INFO = NO;
				MTL_FAST_MATH = YES;
				SDKROOT = iphoneos;
				SWIFT_COMPILATION_MODE = wholemodule;
				SWIFT_OPTIMIZATION_LEVEL = "-O";
				VALIDATE_PRODUCT = YES;
			};
			name = Release;
		};
		17A5C1C92AA9A4DD00355054 /* Debug */ = {
			isa = XCBuildConfiguration;
			buildSettings = {
				ASSETCATALOG_COMPILER_APPICON_NAME = AppIcon;
				ASSETCATALOG_COMPILER_GLOBAL_ACCENT_COLOR_NAME = AccentColor;
				CODE_SIGN_STYLE = Automatic;
				CURRENT_PROJECT_VERSION = 1;
				DEVELOPMENT_TEAM = H5BHKL6637;
				GENERATE_INFOPLIST_FILE = YES;
				INFOPLIST_FILE = NaverShoppingList_2ndRecap/Info.plist;
				INFOPLIST_KEY_CFBundleDisplayName = "권현석";
				INFOPLIST_KEY_UIApplicationSupportsIndirectInputEvents = YES;
				INFOPLIST_KEY_UILaunchStoryboardName = LaunchScreen;
				INFOPLIST_KEY_UISupportedInterfaceOrientations = UIInterfaceOrientationPortrait;
				INFOPLIST_KEY_UISupportedInterfaceOrientations_iPad = "UIInterfaceOrientationLandscapeLeft UIInterfaceOrientationLandscapeRight UIInterfaceOrientationPortrait UIInterfaceOrientationPortraitUpsideDown";
				IPHONEOS_DEPLOYMENT_TARGET = 13.0;
				LD_RUNPATH_SEARCH_PATHS = (
					"$(inherited)",
					"@executable_path/Frameworks",
				);
				MARKETING_VERSION = 1.0;
				PRODUCT_BUNDLE_IDENTIFIER = "com.hyeonseok.NaverShoppingList-2ndRecap";
				PRODUCT_NAME = "$(TARGET_NAME)";
				SUPPORTED_PLATFORMS = "iphoneos iphonesimulator";
				SUPPORTS_MACCATALYST = NO;
				SUPPORTS_MAC_DESIGNED_FOR_IPHONE_IPAD = NO;
				SWIFT_EMIT_LOC_STRINGS = YES;
				SWIFT_VERSION = 5.0;
				TARGETED_DEVICE_FAMILY = 1;
			};
			name = Debug;
		};
		17A5C1CA2AA9A4DD00355054 /* Release */ = {
			isa = XCBuildConfiguration;
			buildSettings = {
				ASSETCATALOG_COMPILER_APPICON_NAME = AppIcon;
				ASSETCATALOG_COMPILER_GLOBAL_ACCENT_COLOR_NAME = AccentColor;
				CODE_SIGN_STYLE = Automatic;
				CURRENT_PROJECT_VERSION = 1;
				DEVELOPMENT_TEAM = H5BHKL6637;
				GENERATE_INFOPLIST_FILE = YES;
				INFOPLIST_FILE = NaverShoppingList_2ndRecap/Info.plist;
				INFOPLIST_KEY_CFBundleDisplayName = "권현석";
				INFOPLIST_KEY_UIApplicationSupportsIndirectInputEvents = YES;
				INFOPLIST_KEY_UILaunchStoryboardName = LaunchScreen;
				INFOPLIST_KEY_UISupportedInterfaceOrientations = UIInterfaceOrientationPortrait;
				INFOPLIST_KEY_UISupportedInterfaceOrientations_iPad = "UIInterfaceOrientationLandscapeLeft UIInterfaceOrientationLandscapeRight UIInterfaceOrientationPortrait UIInterfaceOrientationPortraitUpsideDown";
				IPHONEOS_DEPLOYMENT_TARGET = 13.0;
				LD_RUNPATH_SEARCH_PATHS = (
					"$(inherited)",
					"@executable_path/Frameworks",
				);
				MARKETING_VERSION = 1.0;
				PRODUCT_BUNDLE_IDENTIFIER = "com.hyeonseok.NaverShoppingList-2ndRecap";
				PRODUCT_NAME = "$(TARGET_NAME)";
				SUPPORTED_PLATFORMS = "iphoneos iphonesimulator";
				SUPPORTS_MACCATALYST = NO;
				SUPPORTS_MAC_DESIGNED_FOR_IPHONE_IPAD = NO;
				SWIFT_EMIT_LOC_STRINGS = YES;
				SWIFT_VERSION = 5.0;
				TARGETED_DEVICE_FAMILY = 1;
			};
			name = Release;
		};
/* End XCBuildConfiguration section */

/* Begin XCConfigurationList section */
		17A5C1AF2AA9A4DC00355054 /* Build configuration list for PBXProject "NaverShoppingList_2ndRecap" */ = {
			isa = XCConfigurationList;
			buildConfigurations = (
				17A5C1C62AA9A4DD00355054 /* Debug */,
				17A5C1C72AA9A4DD00355054 /* Release */,
			);
			defaultConfigurationIsVisible = 0;
			defaultConfigurationName = Release;
		};
		17A5C1C82AA9A4DD00355054 /* Build configuration list for PBXNativeTarget "NaverShoppingList_2ndRecap" */ = {
			isa = XCConfigurationList;
			buildConfigurations = (
				17A5C1C92AA9A4DD00355054 /* Debug */,
				17A5C1CA2AA9A4DD00355054 /* Release */,
			);
			defaultConfigurationIsVisible = 0;
			defaultConfigurationName = Release;
		};
/* End XCConfigurationList section */

/* Begin XCRemoteSwiftPackageReference section */
		17415C192AACBC2E008E2DEB /* XCRemoteSwiftPackageReference "Kingfisher" */ = {
			isa = XCRemoteSwiftPackageReference;
			repositoryURL = "https://github.com/onevcat/Kingfisher.git";
			requirement = {
				kind = upToNextMajorVersion;
				minimumVersion = 7.0.0;
			};
		};
		17A5C1D12AA9A7E600355054 /* XCRemoteSwiftPackageReference "SnapKit" */ = {
			isa = XCRemoteSwiftPackageReference;
			repositoryURL = "https://github.com/SnapKit/SnapKit.git";
			requirement = {
				kind = upToNextMajorVersion;
				minimumVersion = 5.0.0;
			};
		};
		17A5C1D42AA9A7F300355054 /* XCRemoteSwiftPackageReference "Alamofire" */ = {
			isa = XCRemoteSwiftPackageReference;
			repositoryURL = "https://github.com/Alamofire/Alamofire.git";
			requirement = {
				kind = upToNextMajorVersion;
				minimumVersion = 5.0.0;
			};
		};
		17A5C1D72AA9A82200355054 /* XCRemoteSwiftPackageReference "realm-swift" */ = {
			isa = XCRemoteSwiftPackageReference;
			repositoryURL = "https://github.com/realm/realm-swift.git";
			requirement = {
				kind = exactVersion;
				version = 10.42.1;
			};
		};
/* End XCRemoteSwiftPackageReference section */

/* Begin XCSwiftPackageProductDependency section */
		17415C1A2AACBC2E008E2DEB /* Kingfisher */ = {
			isa = XCSwiftPackageProductDependency;
			package = 17415C192AACBC2E008E2DEB /* XCRemoteSwiftPackageReference "Kingfisher" */;
			productName = Kingfisher;
		};
		17A5C1D22AA9A7E600355054 /* SnapKit */ = {
			isa = XCSwiftPackageProductDependency;
			package = 17A5C1D12AA9A7E600355054 /* XCRemoteSwiftPackageReference "SnapKit" */;
			productName = SnapKit;
		};
		17A5C1D52AA9A7F300355054 /* Alamofire */ = {
			isa = XCSwiftPackageProductDependency;
			package = 17A5C1D42AA9A7F300355054 /* XCRemoteSwiftPackageReference "Alamofire" */;
			productName = Alamofire;
		};
		17A5C1D82AA9A82200355054 /* Realm */ = {
			isa = XCSwiftPackageProductDependency;
			package = 17A5C1D72AA9A82200355054 /* XCRemoteSwiftPackageReference "realm-swift" */;
			productName = Realm;
		};
		17A5C1DA2AA9A82300355054 /* RealmSwift */ = {
			isa = XCSwiftPackageProductDependency;
			package = 17A5C1D72AA9A82200355054 /* XCRemoteSwiftPackageReference "realm-swift" */;
			productName = RealmSwift;
		};
/* End XCSwiftPackageProductDependency section */
	};
	rootObject = 17A5C1AC2AA9A4DC00355054 /* Project object */;
}
